Microsoft Visual Studio Solution File, Format Version 11.00
# Visual Studio 2008

Project("{CDC86EED-31C5-B142-7ECC-10E1B5E55A93}") = "NewDelete0624", "Assembly-CSharp.csproj", "{10B24284-E657-F74F-8A04-A26C14405730}"
EndProject
Global
	GlobalSection(SolutionConfigurationPlatforms) = preSolution
		Debug|Any CPU = Debug|Any CPU
		Release|Any CPU = Release|Any CPU
	EndGlobalSection
	GlobalSection(ProjectConfigurationPlatforms) = postSolution
		{10B24284-E657-F74F-8A04-A26C14405730}.Debug|Any CPU.ActiveCfg = Debug|Any CPU
		{10B24284-E657-F74F-8A04-A26C14405730}.Debug|Any CPU.Build.0 = Debug|Any CPU
		{10B24284-E657-F74F-8A04-A26C14405730}.Release|Any CPU.ActiveCfg = Release|Any CPU
		{10B24284-E657-F74F-8A04-A26C14405730}.Release|Any CPU.Build.0 = Release|Any CPU
	EndGlobalSection
	GlobalSection(SolutionProperties) = preSolution
		HideSolutionNode = FALSE
	EndGlobalSection
	GlobalSection(MonoDevelopProperties) = preSolution
		StartupItem = Assembly-CSharp.csproj
	EndGlobalSection
EndGlobal
